
Microsoft Visual Studio Solution File, Format Version 12.00
# Visual Studio 15
VisualStudioVersion = 15.0.28010.2003
MinimumVisualStudioVersion = 10.0.40219.1
Project("{FAE04EC0-301F-11D3-BF4B-00C04F79EFBC}") = "SandBox", "SandBox\SandBox.csproj", "{4AFDE48C-A2F8-4CFD-BC13-B36AC1AF6703}"
EndProject
Global
	GlobalSection(SolutionConfigurationPlatforms) = preSolution
		Debug|Any CPU = Debug|Any CPU
		Release|Any CPU = Release|Any CPU
	EndGlobalSection
	GlobalSection(ProjectConfigurationPlatforms) = postSolution
		{4AFDE48C-A2F8-4CFD-BC13-B36AC1AF6703}.Debug|Any CPU.ActiveCfg = Debug|Any CPU
		{4AFDE48C-A2F8-4CFD-BC13-B36AC1AF6703}.Debug|Any CPU.Build.0 = Debug|Any CPU
		{4AFDE48C-A2F8-4CFD-BC13-B36AC1AF6703}.Release|Any CPU.ActiveCfg = Release|Any CPU
		{4AFDE48C-A2F8-4CFD-BC13-B36AC1AF6703}.Release|Any CPU.Build.0 = Release|Any CPU
	EndGlobalSection
	GlobalSection(SolutionProperties) = preSolution
		HideSolutionNode = FALSE
	EndGlobalSection
	GlobalSection(ExtensibilityGlobals) = postSolution
		SolutionGuid = {FC3AC6F3-4ED7-42C4-9AF0-55B15B9E101E}
	EndGlobalSection
EndGlobal
