
Microsoft Visual Studio Solution File, Format Version 12.00
# Visual Studio 15
VisualStudioVersion = 15.0.28010.2003
MinimumVisualStudioVersion = 10.0.40219.1
Project("{FAE04EC0-301F-11D3-BF4B-00C04F79EFBC}") = "Pipe2.Android", "Pipe2\Pipe2.Android\Pipe2.Android.csproj", "{4B3FE526-7A02-4771-A370-AD9FF5568A92}"
EndProject
Project("{FAE04EC0-301F-11D3-BF4B-00C04F79EFBC}") = "Pipe2.iOS", "Pipe2\Pipe2.iOS\Pipe2.iOS.csproj", "{11C35A3A-B122-46B4-BEB8-4829D7A26910}"
EndProject
Project("{FAE04EC0-301F-11D3-BF4B-00C04F79EFBC}") = "Pipe2", "Pipe2\Pipe2\Pipe2.csproj", "{A46ED61B-D111-4D50-96E8-C8E450F4F97B}"
EndProject
Global
	GlobalSection(SolutionConfigurationPlatforms) = preSolution
		Ad-Hoc|Any CPU = Ad-Hoc|Any CPU
		Ad-Hoc|iPhone = Ad-Hoc|iPhone
		Ad-Hoc|iPhoneSimulator = Ad-Hoc|iPhoneSimulator
		AppStore|Any CPU = AppStore|Any CPU
		AppStore|iPhone = AppStore|iPhone
		AppStore|iPhoneSimulator = AppStore|iPhoneSimulator
		Debug|Any CPU = Debug|Any CPU
		Debug|iPhone = Debug|iPhone
		Debug|iPhoneSimulator = Debug|iPhoneSimulator
		Release|Any CPU = Release|Any CPU
		Release|iPhone = Release|iPhone
		Release|iPhoneSimulator = Release|iPhoneSimulator
	EndGlobalSection
	GlobalSection(ProjectConfigurationPlatforms) = postSolution
		{4B3FE526-7A02-4771-A370-AD9FF5568A92}.Ad-Hoc|Any CPU.ActiveCfg = Release|Any CPU
		{4B3FE526-7A02-4771-A370-AD9FF5568A92}.Ad-Hoc|Any CPU.Build.0 = Release|Any CPU
		{4B3FE526-7A02-4771-A370-AD9FF5568A92}.Ad-Hoc|Any CPU.Deploy.0 = Release|Any CPU
		{4B3FE526-7A02-4771-A370-AD9FF5568A92}.Ad-Hoc|iPhone.ActiveCfg = Release|Any CPU
		{4B3FE526-7A02-4771-A370-AD9FF5568A92}.Ad-Hoc|iPhone.Build.0 = Release|Any CPU
		{4B3FE526-7A02-4771-A370-AD9FF5568A92}.Ad-Hoc|iPhone.Deploy.0 = Release|Any CPU
		{4B3FE526-7A02-4771-A370-AD9FF5568A92}.Ad-Hoc|iPhoneSimulator.ActiveCfg = Release|Any CPU
		{4B3FE526-7A02-4771-A370-AD9FF5568A92}.Ad-Hoc|iPhoneSimulator.Build.0 = Release|Any CPU
		{4B3FE526-7A02-4771-A370-AD9FF5568A92}.Ad-Hoc|iPhoneSimulator.Deploy.0 = Release|Any CPU
		{4B3FE526-7A02-4771-A370-AD9FF5568A92}.AppStore|Any CPU.ActiveCfg = Release|Any CPU
		{4B3FE526-7A02-4771-A370-AD9FF5568A92}.AppStore|Any CPU.Build.0 = Release|Any CPU
		{4B3FE526-7A02-4771-A370-AD9FF5568A92}.AppStore|Any CPU.Deploy.0 = Release|Any CPU
		{4B3FE526-7A02-4771-A370-AD9FF5568A92}.AppStore|iPhone.ActiveCfg = Release|Any CPU
		{4B3FE526-7A02-4771-A370-AD9FF5568A92}.AppStore|iPhone.Build.0 = Release|Any CPU
		{4B3FE526-7A02-4771-A370-AD9FF5568A92}.AppStore|iPhone.Deploy.0 = Release|Any CPU
		{4B3FE526-7A02-4771-A370-AD9FF5568A92}.AppStore|iPhoneSimulator.ActiveCfg = Release|Any CPU
		{4B3FE526-7A02-4771-A370-AD9FF5568A92}.AppStore|iPhoneSimulator.Build.0 = Release|Any CPU
		{4B3FE526-7A02-4771-A370-AD9FF5568A92}.AppStore|iPhoneSimulator.Deploy.0 = Release|Any CPU
		{4B3FE526-7A02-4771-A370-AD9FF5568A92}.Debug|Any CPU.ActiveCfg = Debug|Any CPU
		{4B3FE526-7A02-4771-A370-AD9FF5568A92}.Debug|Any CPU.Build.0 = Debug|Any CPU
		{4B3FE526-7A02-4771-A370-AD9FF5568A92}.Debug|Any CPU.Deploy.0 = Debug|Any CPU
		{4B3FE526-7A02-4771-A370-AD9FF5568A92}.Debug|iPhone.ActiveCfg = Debug|Any CPU
		{4B3FE526-7A02-4771-A370-AD9FF5568A92}.Debug|iPhone.Build.0 = Debug|Any CPU
		{4B3FE526-7A02-4771-A370-AD9FF5568A92}.Debug|iPhone.Deploy.0 = Debug|Any CPU
		{4B3FE526-7A02-4771-A370-AD9FF5568A92}.Debug|iPhoneSimulator.ActiveCfg = Debug|Any CPU
		{4B3FE526-7A02-4771-A370-AD9FF5568A92}.Debug|iPhoneSimulator.Build.0 = Debug|Any CPU
		{4B3FE526-7A02-4771-A370-AD9FF5568A92}.Debug|iPhoneSimulator.Deploy.0 = Debug|Any CPU
		{4B3FE526-7A02-4771-A370-AD9FF5568A92}.Release|Any CPU.ActiveCfg = Release|Any CPU
		{4B3FE526-7A02-4771-A370-AD9FF5568A92}.Release|Any CPU.Build.0 = Release|Any CPU
		{4B3FE526-7A02-4771-A370-AD9FF5568A92}.Release|Any CPU.Deploy.0 = Release|Any CPU
		{4B3FE526-7A02-4771-A370-AD9FF5568A92}.Release|iPhone.ActiveCfg = Release|Any CPU
		{4B3FE526-7A02-4771-A370-AD9FF5568A92}.Release|iPhone.Build.0 = Release|Any CPU
		{4B3FE526-7A02-4771-A370-AD9FF5568A92}.Release|iPhone.Deploy.0 = Release|Any CPU
		{4B3FE526-7A02-4771-A370-AD9FF5568A92}.Release|iPhoneSimulator.ActiveCfg = Release|Any CPU
		{4B3FE526-7A02-4771-A370-AD9FF5568A92}.Release|iPhoneSimulator.Build.0 = Release|Any CPU
		{4B3FE526-7A02-4771-A370-AD9FF5568A92}.Release|iPhoneSimulator.Deploy.0 = Release|Any CPU
		{11C35A3A-B122-46B4-BEB8-4829D7A26910}.Ad-Hoc|Any CPU.ActiveCfg = Ad-Hoc|iPhone
		{11C35A3A-B122-46B4-BEB8-4829D7A26910}.Ad-Hoc|Any CPU.Build.0 = Ad-Hoc|iPhone
		{11C35A3A-B122-46B4-BEB8-4829D7A26910}.Ad-Hoc|Any CPU.Deploy.0 = Ad-Hoc|iPhone
		{11C35A3A-B122-46B4-BEB8-4829D7A26910}.Ad-Hoc|iPhone.ActiveCfg = Ad-Hoc|iPhone
		{11C35A3A-B122-46B4-BEB8-4829D7A26910}.Ad-Hoc|iPhone.Build.0 = Ad-Hoc|iPhone
		{11C35A3A-B122-46B4-BEB8-4829D7A26910}.Ad-Hoc|iPhone.Deploy.0 = Ad-Hoc|iPhone
		{11C35A3A-B122-46B4-BEB8-4829D7A26910}.Ad-Hoc|iPhoneSimulator.ActiveCfg = Ad-Hoc|iPhoneSimulator
		{11C35A3A-B122-46B4-BEB8-4829D7A26910}.Ad-Hoc|iPhoneSimulator.Build.0 = Ad-Hoc|iPhoneSimulator
		{11C35A3A-B122-46B4-BEB8-4829D7A26910}.Ad-Hoc|iPhoneSimulator.Deploy.0 = Ad-Hoc|iPhoneSimulator
		{11C35A3A-B122-46B4-BEB8-4829D7A26910}.AppStore|Any CPU.ActiveCfg = AppStore|iPhone
		{11C35A3A-B122-46B4-BEB8-4829D7A26910}.AppStore|Any CPU.Build.0 = AppStore|iPhone
		{11C35A3A-B122-46B4-BEB8-4829D7A26910}.AppStore|Any CPU.Deploy.0 = AppStore|iPhone
		{11C35A3A-B122-46B4-BEB8-4829D7A26910}.AppStore|iPhone.ActiveCfg = AppStore|iPhone
		{11C35A3A-B122-46B4-BEB8-4829D7A26910}.AppStore|iPhone.Build.0 = AppStore|iPhone
		{11C35A3A-B122-46B4-BEB8-4829D7A26910}.AppStore|iPhone.Deploy.0 = AppStore|iPhone
		{11C35A3A-B122-46B4-BEB8-4829D7A26910}.AppStore|iPhoneSimulator.ActiveCfg = AppStore|iPhoneSimulator
		{11C35A3A-B122-46B4-BEB8-4829D7A26910}.AppStore|iPhoneSimulator.Build.0 = AppStore|iPhoneSimulator
		{11C35A3A-B122-46B4-BEB8-4829D7A26910}.AppStore|iPhoneSimulator.Deploy.0 = AppStore|iPhoneSimulator
		{11C35A3A-B122-46B4-BEB8-4829D7A26910}.Debug|Any CPU.ActiveCfg = Debug|iPhoneSimulator
		{11C35A3A-B122-46B4-BEB8-4829D7A26910}.Debug|Any CPU.Build.0 = Debug|iPhoneSimulator
		{11C35A3A-B122-46B4-BEB8-4829D7A26910}.Debug|Any CPU.Deploy.0 = Debug|iPhoneSimulator
		{11C35A3A-B122-46B4-BEB8-4829D7A26910}.Debug|iPhone.ActiveCfg = Debug|iPhone
		{11C35A3A-B122-46B4-BEB8-4829D7A26910}.Debug|iPhone.Build.0 = Debug|iPhone
		{11C35A3A-B122-46B4-BEB8-4829D7A26910}.Debug|iPhone.Deploy.0 = Debug|iPhone
		{11C35A3A-B122-46B4-BEB8-4829D7A26910}.Debug|iPhoneSimulator.ActiveCfg = Debug|iPhoneSimulator
		{11C35A3A-B122-46B4-BEB8-4829D7A26910}.Debug|iPhoneSimulator.Build.0 = Debug|iPhoneSimulator
		{11C35A3A-B122-46B4-BEB8-4829D7A26910}.Debug|iPhoneSimulator.Deploy.0 = Debug|iPhoneSimulator
		{11C35A3A-B122-46B4-BEB8-4829D7A26910}.Release|Any CPU.ActiveCfg = Release|iPhone
		{11C35A3A-B122-46B4-BEB8-4829D7A26910}.Release|Any CPU.Build.0 = Release|iPhone
		{11C35A3A-B122-46B4-BEB8-4829D7A26910}.Release|Any CPU.Deploy.0 = Release|iPhone
		{11C35A3A-B122-46B4-BEB8-4829D7A26910}.Release|iPhone.ActiveCfg = Release|iPhone
		{11C35A3A-B122-46B4-BEB8-4829D7A26910}.Release|iPhone.Build.0 = Release|iPhone
		{11C35A3A-B122-46B4-BEB8-4829D7A26910}.Release|iPhone.Deploy.0 = Release|iPhone
		{11C35A3A-B122-46B4-BEB8-4829D7A26910}.Release|iPhoneSimulator.ActiveCfg = Release|iPhoneSimulator
		{11C35A3A-B122-46B4-BEB8-4829D7A26910}.Release|iPhoneSimulator.Build.0 = Release|iPhoneSimulator
		{11C35A3A-B122-46B4-BEB8-4829D7A26910}.Release|iPhoneSimulator.Deploy.0 = Release|iPhoneSimulator
		{A46ED61B-D111-4D50-96E8-C8E450F4F97B}.Ad-Hoc|Any CPU.ActiveCfg = Debug|Any CPU
		{A46ED61B-D111-4D50-96E8-C8E450F4F97B}.Ad-Hoc|Any CPU.Build.0 = Debug|Any CPU
		{A46ED61B-D111-4D50-96E8-C8E450F4F97B}.Ad-Hoc|Any CPU.Deploy.0 = Debug|Any CPU
		{A46ED61B-D111-4D50-96E8-C8E450F4F97B}.Ad-Hoc|iPhone.ActiveCfg = Debug|Any CPU
		{A46ED61B-D111-4D50-96E8-C8E450F4F97B}.Ad-Hoc|iPhone.Build.0 = Debug|Any CPU
		{A46ED61B-D111-4D50-96E8-C8E450F4F97B}.Ad-Hoc|iPhone.Deploy.0 = Debug|Any CPU
		{A46ED61B-D111-4D50-96E8-C8E450F4F97B}.Ad-Hoc|iPhoneSimulator.ActiveCfg = Debug|Any CPU
		{A46ED61B-D111-4D50-96E8-C8E450F4F97B}.Ad-Hoc|iPhoneSimulator.Build.0 = Debug|Any CPU
		{A46ED61B-D111-4D50-96E8-C8E450F4F97B}.Ad-Hoc|iPhoneSimulator.Deploy.0 = Debug|Any CPU
		{A46ED61B-D111-4D50-96E8-C8E450F4F97B}.AppStore|Any CPU.ActiveCfg = Debug|Any CPU
		{A46ED61B-D111-4D50-96E8-C8E450F4F97B}.AppStore|Any CPU.Build.0 = Debug|Any CPU
		{A46ED61B-D111-4D50-96E8-C8E450F4F97B}.AppStore|Any CPU.Deploy.0 = Debug|Any CPU
		{A46ED61B-D111-4D50-96E8-C8E450F4F97B}.AppStore|iPhone.ActiveCfg = Debug|Any CPU
		{A46ED61B-D111-4D50-96E8-C8E450F4F97B}.AppStore|iPhone.Build.0 = Debug|Any CPU
		{A46ED61B-D111-4D50-96E8-C8E450F4F97B}.AppStore|iPhone.Deploy.0 = Debug|Any CPU
		{A46ED61B-D111-4D50-96E8-C8E450F4F97B}.AppStore|iPhoneSimulator.ActiveCfg = Debug|Any CPU
		{A46ED61B-D111-4D50-96E8-C8E450F4F97B}.AppStore|iPhoneSimulator.Build.0 = Debug|Any CPU
		{A46ED61B-D111-4D50-96E8-C8E450F4F97B}.AppStore|iPhoneSimulator.Deploy.0 = Debug|Any CPU
		{A46ED61B-D111-4D50-96E8-C8E450F4F97B}.Debug|Any CPU.ActiveCfg = Debug|Any CPU
		{A46ED61B-D111-4D50-96E8-C8E450F4F97B}.Debug|Any CPU.Build.0 = Debug|Any CPU
		{A46ED61B-D111-4D50-96E8-C8E450F4F97B}.Debug|Any CPU.Deploy.0 = Debug|Any CPU
		{A46ED61B-D111-4D50-96E8-C8E450F4F97B}.Debug|iPhone.ActiveCfg = Debug|Any CPU
		{A46ED61B-D111-4D50-96E8-C8E450F4F97B}.Debug|iPhone.Build.0 = Debug|Any CPU
		{A46ED61B-D111-4D50-96E8-C8E450F4F97B}.Debug|iPhone.Deploy.0 = Debug|Any CPU
		{A46ED61B-D111-4D50-96E8-C8E450F4F97B}.Debug|iPhoneSimulator.ActiveCfg = Debug|Any CPU
		{A46ED61B-D111-4D50-96E8-C8E450F4F97B}.Debug|iPhoneSimulator.Build.0 = Debug|Any CPU
		{A46ED61B-D111-4D50-96E8-C8E450F4F97B}.Debug|iPhoneSimulator.Deploy.0 = Debug|Any CPU
		{A46ED61B-D111-4D50-96E8-C8E450F4F97B}.Release|Any CPU.ActiveCfg = Release|Any CPU
		{A46ED61B-D111-4D50-96E8-C8E450F4F97B}.Release|Any CPU.Build.0 = Release|Any CPU
		{A46ED61B-D111-4D50-96E8-C8E450F4F97B}.Release|Any CPU.Deploy.0 = Release|Any CPU
		{A46ED61B-D111-4D50-96E8-C8E450F4F97B}.Release|iPhone.ActiveCfg = Release|Any CPU
		{A46ED61B-D111-4D50-96E8-C8E450F4F97B}.Release|iPhone.Build.0 = Release|Any CPU
		{A46ED61B-D111-4D50-96E8-C8E450F4F97B}.Release|iPhone.Deploy.0 = Release|Any CPU
		{A46ED61B-D111-4D50-96E8-C8E450F4F97B}.Release|iPhoneSimulator.ActiveCfg = Release|Any CPU
		{A46ED61B-D111-4D50-96E8-C8E450F4F97B}.Release|iPhoneSimulator.Build.0 = Release|Any CPU
		{A46ED61B-D111-4D50-96E8-C8E450F4F97B}.Release|iPhoneSimulator.Deploy.0 = Release|Any CPU
	EndGlobalSection
	GlobalSection(SolutionProperties) = preSolution
		HideSolutionNode = FALSE
	EndGlobalSection
	GlobalSection(ExtensibilityGlobals) = postSolution
		SolutionGuid = {1AAF1602-3334-4DAA-A801-70B92DF9C36D}
	EndGlobalSection
EndGlobal
