
Microsoft Visual Studio Solution File, Format Version 12.00
# Visual Studio 15
VisualStudioVersion = 15.0.27428.2005
MinimumVisualStudioVersion = 10.0.40219.1
Project("{9A19103F-16F7-4668-BE54-9A1E7A4F7556}") = "SpyStore.MVC", "SpyStore.MVC\SpyStore.MVC.csproj", "{5681DAF8-687E-4B85-8090-1C57C6E9E9F4}"
EndProject
Project("{E53339B2-1760-4266-BCC7-CA923CBCF16C}") = "docker-compose", "docker-compose.dcproj", "{F60C4830-F6D2-4382-937D-64DE631A78D7}"
EndProject
Global
	GlobalSection(SolutionConfigurationPlatforms) = preSolution
		Debug|Any CPU = Debug|Any CPU
		Release|Any CPU = Release|Any CPU
	EndGlobalSection
	GlobalSection(ProjectConfigurationPlatforms) = postSolution
		{5681DAF8-687E-4B85-8090-1C57C6E9E9F4}.Debug|Any CPU.ActiveCfg = Debug|Any CPU
		{5681DAF8-687E-4B85-8090-1C57C6E9E9F4}.Debug|Any CPU.Build.0 = Debug|Any CPU
		{5681DAF8-687E-4B85-8090-1C57C6E9E9F4}.Release|Any CPU.ActiveCfg = Release|Any CPU
		{5681DAF8-687E-4B85-8090-1C57C6E9E9F4}.Release|Any CPU.Build.0 = Release|Any CPU
		{F60C4830-F6D2-4382-937D-64DE631A78D7}.Debug|Any CPU.ActiveCfg = Debug|Any CPU
		{F60C4830-F6D2-4382-937D-64DE631A78D7}.Debug|Any CPU.Build.0 = Debug|Any CPU
		{F60C4830-F6D2-4382-937D-64DE631A78D7}.Release|Any CPU.ActiveCfg = Release|Any CPU
		{F60C4830-F6D2-4382-937D-64DE631A78D7}.Release|Any CPU.Build.0 = Release|Any CPU
	EndGlobalSection
	GlobalSection(SolutionProperties) = preSolution
		HideSolutionNode = FALSE
	EndGlobalSection
	GlobalSection(ExtensibilityGlobals) = postSolution
		SolutionGuid = {C3E76B4A-AFFC-423F-9733-0D60725898E0}
	EndGlobalSection
EndGlobal
