
Microsoft Visual Studio Solution File, Format Version 12.00
# Visual Studio 15
VisualStudioVersion = 15.0.27428.2005
MinimumVisualStudioVersion = 10.0.40219.1
Project("{FAE04EC0-301F-11D3-BF4B-00C04F79EFBC}") = "SpyStore.DAL", "SpyStore.DAL\SpyStore.DAL.csproj", "{0B1D8992-F857-4317-BF03-00E4789DEBC8}"
EndProject
Project("{FAE04EC0-301F-11D3-BF4B-00C04F79EFBC}") = "SpyStore.Models", "SpyStore.Models\SpyStore.Models.csproj", "{58FD2FE8-C40B-41C9-AF05-AF224DD67945}"
EndProject
Project("{FAE04EC0-301F-11D3-BF4B-00C04F79EFBC}") = "SpyStore.DAL.Tests", "SpyStore.DAL.Tests\SpyStore.DAL.Tests.csproj", "{F6F2FC3F-C177-4013-B01B-DF15CB0C5860}"
EndProject
Global
	GlobalSection(SolutionConfigurationPlatforms) = preSolution
		Debug|Any CPU = Debug|Any CPU
		Release|Any CPU = Release|Any CPU
	EndGlobalSection
	GlobalSection(ProjectConfigurationPlatforms) = postSolution
		{0B1D8992-F857-4317-BF03-00E4789DEBC8}.Debug|Any CPU.ActiveCfg = Debug|Any CPU
		{0B1D8992-F857-4317-BF03-00E4789DEBC8}.Debug|Any CPU.Build.0 = Debug|Any CPU
		{0B1D8992-F857-4317-BF03-00E4789DEBC8}.Release|Any CPU.ActiveCfg = Release|Any CPU
		{0B1D8992-F857-4317-BF03-00E4789DEBC8}.Release|Any CPU.Build.0 = Release|Any CPU
		{58FD2FE8-C40B-41C9-AF05-AF224DD67945}.Debug|Any CPU.ActiveCfg = Debug|Any CPU
		{58FD2FE8-C40B-41C9-AF05-AF224DD67945}.Debug|Any CPU.Build.0 = Debug|Any CPU
		{58FD2FE8-C40B-41C9-AF05-AF224DD67945}.Release|Any CPU.ActiveCfg = Release|Any CPU
		{58FD2FE8-C40B-41C9-AF05-AF224DD67945}.Release|Any CPU.Build.0 = Release|Any CPU
		{F6F2FC3F-C177-4013-B01B-DF15CB0C5860}.Debug|Any CPU.ActiveCfg = Debug|Any CPU
		{F6F2FC3F-C177-4013-B01B-DF15CB0C5860}.Debug|Any CPU.Build.0 = Debug|Any CPU
		{F6F2FC3F-C177-4013-B01B-DF15CB0C5860}.Release|Any CPU.ActiveCfg = Release|Any CPU
		{F6F2FC3F-C177-4013-B01B-DF15CB0C5860}.Release|Any CPU.Build.0 = Release|Any CPU
	EndGlobalSection
	GlobalSection(SolutionProperties) = preSolution
		HideSolutionNode = FALSE
	EndGlobalSection
	GlobalSection(ExtensibilityGlobals) = postSolution
		SolutionGuid = {F81D7993-DEC7-43CF-BFFD-96076A39DA7D}
	EndGlobalSection
EndGlobal
