
Microsoft Visual Studio Solution File, Format Version 12.00
# Visual Studio 15
VisualStudioVersion = 15.0.27428.2005
MinimumVisualStudioVersion = 10.0.40219.1
Project("{FAE04EC0-301F-11D3-BF4B-00C04F79EFBC}") = "Service.Tests", "Service.Tests\Service.Tests.csproj", "{4EA22FA8-AB6D-4310-989F-461C0CD0B78E}"
EndProject
Global
	GlobalSection(SolutionConfigurationPlatforms) = preSolution
		Debug|Any CPU = Debug|Any CPU
		Release|Any CPU = Release|Any CPU
	EndGlobalSection
	GlobalSection(ProjectConfigurationPlatforms) = postSolution
		{4EA22FA8-AB6D-4310-989F-461C0CD0B78E}.Debug|Any CPU.ActiveCfg = Debug|Any CPU
		{4EA22FA8-AB6D-4310-989F-461C0CD0B78E}.Debug|Any CPU.Build.0 = Debug|Any CPU
		{4EA22FA8-AB6D-4310-989F-461C0CD0B78E}.Release|Any CPU.ActiveCfg = Release|Any CPU
		{4EA22FA8-AB6D-4310-989F-461C0CD0B78E}.Release|Any CPU.Build.0 = Release|Any CPU
	EndGlobalSection
	GlobalSection(SolutionProperties) = preSolution
		HideSolutionNode = FALSE
	EndGlobalSection
	GlobalSection(ExtensibilityGlobals) = postSolution
		SolutionGuid = {244A999E-03F7-4410-8091-B851B49A1945}
	EndGlobalSection
EndGlobal
